
Microsoft Visual Studio Solution File, Format Version 12.00
# Visual Studio Version 17
VisualStudioVersion = 17.0.32112.339
MinimumVisualStudioVersion = 10.0.40219.1
Project("{FAE04EC0-301F-11D3-BF4B-00C04F79EFBC}") = "FindMonth", "FindMonth\FindMonth.csproj", "{EDC53973-8621-4D0A-A6F7-18540BFB5ADC}"
EndProject
Global
	GlobalSection(SolutionConfigurationPlatforms) = preSolution
		Debug|Any CPU = Debug|Any CPU
		Release|Any CPU = Release|Any CPU
	EndGlobalSection
	GlobalSection(ProjectConfigurationPlatforms) = postSolution
		{EDC53973-8621-4D0A-A6F7-18540BFB5ADC}.Debug|Any CPU.ActiveCfg = Debug|Any CPU
		{EDC53973-8621-4D0A-A6F7-18540BFB5ADC}.Debug|Any CPU.Build.0 = Debug|Any CPU
		{EDC53973-8621-4D0A-A6F7-18540BFB5ADC}.Release|Any CPU.ActiveCfg = Release|Any CPU
		{EDC53973-8621-4D0A-A6F7-18540BFB5ADC}.Release|Any CPU.Build.0 = Release|Any CPU
	EndGlobalSection
	GlobalSection(SolutionProperties) = preSolution
		HideSolutionNode = FALSE
	EndGlobalSection
	GlobalSection(ExtensibilityGlobals) = postSolution
		SolutionGuid = {77F646EB-CED3-48AD-A82A-FE817595906B}
	EndGlobalSection
EndGlobal
